// !$*UTF8*$!
{
	archiveVersion = 1;
	classes = {
	};
	objectVersion = 50;
	objects = {

/* Begin PBXBuildFile section */
		0044DE102213053800AD9643 /* IconGenerator.swift in Sources */ = {isa = PBXBuildFile; fileRef = 0044DE082213053800AD9643 /* IconGenerator.swift */; };
		0044DE112213053800AD9643 /* Shapes.swift in Sources */ = {isa = PBXBuildFile; fileRef = 0044DE092213053800AD9643 /* Shapes.swift */; };
		0044DE132213053800AD9643 /* ColorTheme.swift in Sources */ = {isa = PBXBuildFile; fileRef = 0044DE0B2213053800AD9643 /* ColorTheme.swift */; };
		0044DE142213053800AD9643 /* CGContextExtension.swift in Sources */ = {isa = PBXBuildFile; fileRef = 0044DE0C2213053800AD9643 /* CGContextExtension.swift */; };
		0044DE152213053800AD9643 /* UIColorExtension.swift in Sources */ = {isa = PBXBuildFile; fileRef = 0044DE0D2213053800AD9643 /* UIColorExtension.swift */; };
		0044DE192213057100AD9643 /* UserCell.swift in Sources */ = {isa = PBXBuildFile; fileRef = 0044DE182213057100AD9643 /* UserCell.swift */; };
		0044DE1B2213062800AD9643 /* ApplicationScheme.swift in Sources */ = {isa = PBXBuildFile; fileRef = 0044DE1A2213062800AD9643 /* ApplicationScheme.swift */; };
		0044DE1E2213069700AD9643 /* HomeCustomLayout.swift in Sources */ = {isa = PBXBuildFile; fileRef = 0044DE1D2213069700AD9643 /* HomeCustomLayout.swift */; };
		0044DE2022130B0300AD9643 /* Main.storyboard in Resources */ = {isa = PBXBuildFile; fileRef = 0044DE1F22130B0300AD9643 /* Main.storyboard */; };
		0044DE232213141E00AD9643 /* CurrentUser.swift in Sources */ = {isa = PBXBuildFile; fileRef = 0044DE222213141E00AD9643 /* CurrentUser.swift */; };
		0044DE292213153000AD9643 /* Users.swift in Sources */ = {isa = PBXBuildFile; fileRef = 0044DE282213153000AD9643 /* Users.swift */; };
		00613BEA22224D94006A26D0 /* IQKeyboardManagerSwift.framework in Frameworks */ = {isa = PBXBuildFile; fileRef = 00613BE922224D94006A26D0 /* IQKeyboardManagerSwift.framework */; };
		0078D620222494CB00F9AED6 /* QRInfoLabel.swift in Sources */ = {isa = PBXBuildFile; fileRef = 0078D61F222494CB00F9AED6 /* QRInfoLabel.swift */; };
		0078D6222224DFD100F9AED6 /* AddDeviceWithMnemonics.swift in Sources */ = {isa = PBXBuildFile; fileRef = 0078D6212224DFD100F9AED6 /* AddDeviceWithMnemonics.swift */; };
		00891B412216D3FA007D3226 /* OstSdkInteract.swift in Sources */ = {isa = PBXBuildFile; fileRef = 00891B402216D3FA007D3226 /* OstSdkInteract.swift */; };
		00C282FE2222458A000ABAB2 /* Alamofire.framework in Frameworks */ = {isa = PBXBuildFile; fileRef = 00C282FD2222458A000ABAB2 /* Alamofire.framework */; };
		00C283002222458A000ABAB2 /* BigInt.framework in Frameworks */ = {isa = PBXBuildFile; fileRef = 00C282FF2222458A000ABAB2 /* BigInt.framework */; };
		00C2831022224722000ABAB2 /* FMDB.framework in Frameworks */ = {isa = PBXBuildFile; fileRef = 00C2830F22224722000ABAB2 /* FMDB.framework */; };
		00C2831222224729000ABAB2 /* MaterialComponents.framework in Frameworks */ = {isa = PBXBuildFile; fileRef = 00C2831122224729000ABAB2 /* MaterialComponents.framework */; };
		00C92C42B7DEFE4B26C7FADD /* Pods_Demo_App.framework in Frameworks */ = {isa = PBXBuildFile; fileRef = 942189716441E093BEA6715C /* Pods_Demo_App.framework */; };
		00E182EA22131630007C9B1D /* BaseModel.swift in Sources */ = {isa = PBXBuildFile; fileRef = 00E182E922131630007C9B1D /* BaseModel.swift */; };
		4B12140D2225D2F100C185D2 /* UserDetailsView.swift in Sources */ = {isa = PBXBuildFile; fileRef = 4B12140C2225D2F100C185D2 /* UserDetailsView.swift */; };
		4B121468223171CC00C185D2 /* ResetPinView.swift in Sources */ = {isa = PBXBuildFile; fileRef = 4B121467223171CC00C185D2 /* ResetPinView.swift */; };
		4B12146A22325ED600C185D2 /* RecoverDeviceView.swift in Sources */ = {isa = PBXBuildFile; fileRef = 4B12146922325ED600C185D2 /* RecoverDeviceView.swift */; };
		4BD841462212093200808901 /* ViewController.swift in Sources */ = {isa = PBXBuildFile; fileRef = 4BD841402212093200808901 /* ViewController.swift */; };
		4BD841472212093200808901 /* AppDelegate.swift in Sources */ = {isa = PBXBuildFile; fileRef = 4BD841412212093200808901 /* AppDelegate.swift */; };
		4BD841482212093200808901 /* HomeViewController.swift in Sources */ = {isa = PBXBuildFile; fileRef = 4BD841422212093200808901 /* HomeViewController.swift */; };
		4BD841492212093200808901 /* LoginViewController.swift in Sources */ = {isa = PBXBuildFile; fileRef = 4BD841432212093200808901 /* LoginViewController.swift */; };
		4BD841502212093E00808901 /* Assets.xcassets in Resources */ = {isa = PBXBuildFile; fileRef = 4BD8414C2212093D00808901 /* Assets.xcassets */; };
		4BD841512212093E00808901 /* LaunchScreen.storyboard in Resources */ = {isa = PBXBuildFile; fileRef = 4BD8414E2212093E00808901 /* LaunchScreen.storyboard */; };
		4BE8957322207B16009C6A44 /* WalletViewController.swift in Sources */ = {isa = PBXBuildFile; fileRef = 4BE8957222207B14009C6A44 /* WalletViewController.swift */; };
		4BE8957922207B2D009C6A44 /* BaseWalletWorkflowView.swift in Sources */ = {isa = PBXBuildFile; fileRef = 4BE8957622207B2C009C6A44 /* BaseWalletWorkflowView.swift */; };
		4BE8957A22207B2D009C6A44 /* SetupWalletView.swift in Sources */ = {isa = PBXBuildFile; fileRef = 4BE8957722207B2C009C6A44 /* SetupWalletView.swift */; };
		4BE8957B22207B2D009C6A44 /* BaseWalletView.swift in Sources */ = {isa = PBXBuildFile; fileRef = 4BE8957822207B2C009C6A44 /* BaseWalletView.swift */; };
		4BE8957F22212368009C6A44 /* PaperWalletView.swift in Sources */ = {isa = PBXBuildFile; fileRef = 4BE8957E22212368009C6A44 /* PaperWalletView.swift */; };
		4BE8958122212393009C6A44 /* UserActionsViewController.swift in Sources */ = {isa = PBXBuildFile; fileRef = 4BE8958022212392009C6A44 /* UserActionsViewController.swift */; };
		4BE89586222151DD009C6A44 /* AddSessionView.swift in Sources */ = {isa = PBXBuildFile; fileRef = 4BE89585222151DD009C6A44 /* AddSessionView.swift */; };
		4BE8958822216FCD009C6A44 /* ScanQRCodeView.swift in Sources */ = {isa = PBXBuildFile; fileRef = 4BE8958722216FCD009C6A44 /* ScanQRCodeView.swift */; };
		4BE895CF2221B74C009C6A44 /* ShowQRView.swift in Sources */ = {isa = PBXBuildFile; fileRef = 4BE895CE2221B74C009C6A44 /* ShowQRView.swift */; };
		4BE895D122224E13009C6A44 /* OstSdk.framework in Embed Frameworks */ = {isa = PBXBuildFile; fileRef = 00C28305222245D3000ABAB2 /* OstSdk.framework */; settings = {ATTRIBUTES = (CodeSignOnCopy, RemoveHeadersOnCopy, ); }; };
		4BE895D322224E4C009C6A44 /* CryptoEthereumSwift.framework in Frameworks */ = {isa = PBXBuildFile; fileRef = 0064C84522223B870052B71E /* CryptoEthereumSwift.framework */; };
		4BE895D422224E4C009C6A44 /* CryptoEthereumSwift.framework in Embed Frameworks */ = {isa = PBXBuildFile; fileRef = 0064C84522223B870052B71E /* CryptoEthereumSwift.framework */; settings = {ATTRIBUTES = (CodeSignOnCopy, RemoveHeadersOnCopy, ); }; };
		4BE895D522224E68009C6A44 /* EthereumKit.framework in Frameworks */ = {isa = PBXBuildFile; fileRef = 0064C84722223B8B0052B71E /* EthereumKit.framework */; };
		4BE895D622224E68009C6A44 /* EthereumKit.framework in Embed Frameworks */ = {isa = PBXBuildFile; fileRef = 0064C84722223B8B0052B71E /* EthereumKit.framework */; settings = {ATTRIBUTES = (CodeSignOnCopy, RemoveHeadersOnCopy, ); }; };
/* End PBXBuildFile section */

/* Begin PBXCopyFilesBuildPhase section */
		4BE895D222224E14009C6A44 /* Embed Frameworks */ = {
			isa = PBXCopyFilesBuildPhase;
			buildActionMask = 2147483647;
			dstPath = "";
			dstSubfolderSpec = 10;
			files = (
				4BE895D422224E4C009C6A44 /* CryptoEthereumSwift.framework in Embed Frameworks */,
				4BE895D122224E13009C6A44 /* OstSdk.framework in Embed Frameworks */,
				4BE895D622224E68009C6A44 /* EthereumKit.framework in Embed Frameworks */,
			);
			name = "Embed Frameworks";
			runOnlyForDeploymentPostprocessing = 0;
		};
/* End PBXCopyFilesBuildPhase section */

/* Begin PBXFileReference section */
		0044DE082213053800AD9643 /* IconGenerator.swift */ = {isa = PBXFileReference; fileEncoding = 4; lastKnownFileType = sourcecode.swift; path = IconGenerator.swift; sourceTree = "<group>"; };
		0044DE092213053800AD9643 /* Shapes.swift */ = {isa = PBXFileReference; fileEncoding = 4; lastKnownFileType = sourcecode.swift; path = Shapes.swift; sourceTree = "<group>"; };
		0044DE0A2213053800AD9643 /* README.md */ = {isa = PBXFileReference; fileEncoding = 4; lastKnownFileType = net.daringfireball.markdown; path = README.md; sourceTree = "<group>"; };
		0044DE0B2213053800AD9643 /* ColorTheme.swift */ = {isa = PBXFileReference; fileEncoding = 4; lastKnownFileType = sourcecode.swift; path = ColorTheme.swift; sourceTree = "<group>"; };
		0044DE0C2213053800AD9643 /* CGContextExtension.swift */ = {isa = PBXFileReference; fileEncoding = 4; lastKnownFileType = sourcecode.swift; path = CGContextExtension.swift; sourceTree = "<group>"; };
		0044DE0D2213053800AD9643 /* UIColorExtension.swift */ = {isa = PBXFileReference; fileEncoding = 4; lastKnownFileType = sourcecode.swift; path = UIColorExtension.swift; sourceTree = "<group>"; };
		0044DE0E2213053800AD9643 /* LICENSE */ = {isa = PBXFileReference; fileEncoding = 4; lastKnownFileType = text; path = LICENSE; sourceTree = "<group>"; };
		0044DE0F2213053800AD9643 /* JdenticonSwift.h */ = {isa = PBXFileReference; fileEncoding = 4; lastKnownFileType = sourcecode.c.h; path = JdenticonSwift.h; sourceTree = "<group>"; };
		0044DE182213057100AD9643 /* UserCell.swift */ = {isa = PBXFileReference; fileEncoding = 4; lastKnownFileType = sourcecode.swift; path = UserCell.swift; sourceTree = "<group>"; };
		0044DE1A2213062800AD9643 /* ApplicationScheme.swift */ = {isa = PBXFileReference; fileEncoding = 4; lastKnownFileType = sourcecode.swift; path = ApplicationScheme.swift; sourceTree = "<group>"; };
		0044DE1D2213069700AD9643 /* HomeCustomLayout.swift */ = {isa = PBXFileReference; fileEncoding = 4; lastKnownFileType = sourcecode.swift; path = HomeCustomLayout.swift; sourceTree = "<group>"; };
		0044DE1F22130B0300AD9643 /* Main.storyboard */ = {isa = PBXFileReference; fileEncoding = 4; lastKnownFileType = file.storyboard; path = Main.storyboard; sourceTree = "<group>"; };
		0044DE222213141E00AD9643 /* CurrentUser.swift */ = {isa = PBXFileReference; fileEncoding = 4; lastKnownFileType = sourcecode.swift; path = CurrentUser.swift; sourceTree = "<group>"; };
		0044DE282213153000AD9643 /* Users.swift */ = {isa = PBXFileReference; lastKnownFileType = sourcecode.swift; path = Users.swift; sourceTree = "<group>"; };
		00613BE922224D94006A26D0 /* IQKeyboardManagerSwift.framework */ = {isa = PBXFileReference; explicitFileType = wrapper.framework; path = IQKeyboardManagerSwift.framework; sourceTree = BUILT_PRODUCTS_DIR; };
		0064C84522223B870052B71E /* CryptoEthereumSwift.framework */ = {isa = PBXFileReference; explicitFileType = wrapper.framework; path = CryptoEthereumSwift.framework; sourceTree = BUILT_PRODUCTS_DIR; };
		0064C84722223B8B0052B71E /* EthereumKit.framework */ = {isa = PBXFileReference; explicitFileType = wrapper.framework; path = EthereumKit.framework; sourceTree = BUILT_PRODUCTS_DIR; };
		0064C84922223B8F0052B71E /* OstSdk.framework */ = {isa = PBXFileReference; explicitFileType = wrapper.framework; path = OstSdk.framework; sourceTree = BUILT_PRODUCTS_DIR; };
		0078D61F222494CB00F9AED6 /* QRInfoLabel.swift */ = {isa = PBXFileReference; fileEncoding = 4; lastKnownFileType = sourcecode.swift; path = QRInfoLabel.swift; sourceTree = "<group>"; };
		0078D6212224DFD100F9AED6 /* AddDeviceWithMnemonics.swift */ = {isa = PBXFileReference; fileEncoding = 4; lastKnownFileType = sourcecode.swift; path = AddDeviceWithMnemonics.swift; sourceTree = "<group>"; };
		00891B402216D3FA007D3226 /* OstSdkInteract.swift */ = {isa = PBXFileReference; lastKnownFileType = sourcecode.swift; path = OstSdkInteract.swift; sourceTree = "<group>"; };
		00C282FD2222458A000ABAB2 /* Alamofire.framework */ = {isa = PBXFileReference; explicitFileType = wrapper.framework; path = Alamofire.framework; sourceTree = BUILT_PRODUCTS_DIR; };
		00C282FF2222458A000ABAB2 /* BigInt.framework */ = {isa = PBXFileReference; explicitFileType = wrapper.framework; path = BigInt.framework; sourceTree = BUILT_PRODUCTS_DIR; };
		00C283012222458A000ABAB2 /* FMDB.framework */ = {isa = PBXFileReference; explicitFileType = wrapper.framework; path = FMDB.framework; sourceTree = BUILT_PRODUCTS_DIR; };
		00C283032222458A000ABAB2 /* SipHash.framework */ = {isa = PBXFileReference; explicitFileType = wrapper.framework; path = SipHash.framework; sourceTree = BUILT_PRODUCTS_DIR; };
		00C28305222245D3000ABAB2 /* OstSdk.framework */ = {isa = PBXFileReference; explicitFileType = wrapper.framework; path = OstSdk.framework; sourceTree = BUILT_PRODUCTS_DIR; };
		00C283072222460A000ABAB2 /* FMDB.framework */ = {isa = PBXFileReference; explicitFileType = wrapper.framework; path = FMDB.framework; sourceTree = BUILT_PRODUCTS_DIR; };
		00C2830F22224722000ABAB2 /* FMDB.framework */ = {isa = PBXFileReference; explicitFileType = wrapper.framework; path = FMDB.framework; sourceTree = BUILT_PRODUCTS_DIR; };
		00C2831122224729000ABAB2 /* MaterialComponents.framework */ = {isa = PBXFileReference; explicitFileType = wrapper.framework; path = MaterialComponents.framework; sourceTree = BUILT_PRODUCTS_DIR; };
		00E182E922131630007C9B1D /* BaseModel.swift */ = {isa = PBXFileReference; lastKnownFileType = sourcecode.swift; path = BaseModel.swift; sourceTree = "<group>"; };
		24E473D39006A59197DC9629 /* Pods_Demo_AppTests.framework */ = {isa = PBXFileReference; explicitFileType = wrapper.framework; includeInIndex = 0; path = Pods_Demo_AppTests.framework; sourceTree = BUILT_PRODUCTS_DIR; };
		2CA56AE766BB9A8B0240AA21 /* Pods-Demo-App.release.xcconfig */ = {isa = PBXFileReference; includeInIndex = 1; lastKnownFileType = text.xcconfig; name = "Pods-Demo-App.release.xcconfig"; path = "Target Support Files/Pods-Demo-App/Pods-Demo-App.release.xcconfig"; sourceTree = "<group>"; };
		4B12140C2225D2F100C185D2 /* UserDetailsView.swift */ = {isa = PBXFileReference; lastKnownFileType = sourcecode.swift; path = UserDetailsView.swift; sourceTree = "<group>"; };
		4B121467223171CC00C185D2 /* ResetPinView.swift */ = {isa = PBXFileReference; lastKnownFileType = sourcecode.swift; path = ResetPinView.swift; sourceTree = "<group>"; };
		4B12146922325ED600C185D2 /* RecoverDeviceView.swift */ = {isa = PBXFileReference; lastKnownFileType = sourcecode.swift; path = RecoverDeviceView.swift; sourceTree = "<group>"; };
		4BD8410B2212084900808901 /* Demo-App.app */ = {isa = PBXFileReference; explicitFileType = wrapper.application; includeInIndex = 0; path = "Demo-App.app"; sourceTree = BUILT_PRODUCTS_DIR; };
		4BD8411A2212084A00808901 /* Info.plist */ = {isa = PBXFileReference; lastKnownFileType = text.plist.xml; path = Info.plist; sourceTree = "<group>"; };
		4BD841402212093200808901 /* ViewController.swift */ = {isa = PBXFileReference; fileEncoding = 4; lastKnownFileType = sourcecode.swift; path = ViewController.swift; sourceTree = "<group>"; };
		4BD841412212093200808901 /* AppDelegate.swift */ = {isa = PBXFileReference; fileEncoding = 4; lastKnownFileType = sourcecode.swift; path = AppDelegate.swift; sourceTree = "<group>"; };
		4BD841422212093200808901 /* HomeViewController.swift */ = {isa = PBXFileReference; fileEncoding = 4; lastKnownFileType = sourcecode.swift; path = HomeViewController.swift; sourceTree = "<group>"; };
		4BD841432212093200808901 /* LoginViewController.swift */ = {isa = PBXFileReference; fileEncoding = 4; lastKnownFileType = sourcecode.swift; path = LoginViewController.swift; sourceTree = "<group>"; };
		4BD8414C2212093D00808901 /* Assets.xcassets */ = {isa = PBXFileReference; lastKnownFileType = folder.assetcatalog; path = Assets.xcassets; sourceTree = "<group>"; };
		4BD8414F2212093E00808901 /* Base */ = {isa = PBXFileReference; lastKnownFileType = file.storyboard; name = Base; path = LaunchScreen.storyboard; sourceTree = "<group>"; };
		4BE8957222207B14009C6A44 /* WalletViewController.swift */ = {isa = PBXFileReference; fileEncoding = 4; lastKnownFileType = sourcecode.swift; path = WalletViewController.swift; sourceTree = "<group>"; };
		4BE8957622207B2C009C6A44 /* BaseWalletWorkflowView.swift */ = {isa = PBXFileReference; fileEncoding = 4; lastKnownFileType = sourcecode.swift; path = BaseWalletWorkflowView.swift; sourceTree = "<group>"; };
		4BE8957722207B2C009C6A44 /* SetupWalletView.swift */ = {isa = PBXFileReference; fileEncoding = 4; lastKnownFileType = sourcecode.swift; path = SetupWalletView.swift; sourceTree = "<group>"; };
		4BE8957822207B2C009C6A44 /* BaseWalletView.swift */ = {isa = PBXFileReference; fileEncoding = 4; lastKnownFileType = sourcecode.swift; path = BaseWalletView.swift; sourceTree = "<group>"; };
		4BE8957E22212368009C6A44 /* PaperWalletView.swift */ = {isa = PBXFileReference; fileEncoding = 4; lastKnownFileType = sourcecode.swift; path = PaperWalletView.swift; sourceTree = "<group>"; };
		4BE8958022212392009C6A44 /* UserActionsViewController.swift */ = {isa = PBXFileReference; fileEncoding = 4; lastKnownFileType = sourcecode.swift; path = UserActionsViewController.swift; sourceTree = "<group>"; };
		4BE89585222151DD009C6A44 /* AddSessionView.swift */ = {isa = PBXFileReference; lastKnownFileType = sourcecode.swift; path = AddSessionView.swift; sourceTree = "<group>"; };
		4BE8958722216FCD009C6A44 /* ScanQRCodeView.swift */ = {isa = PBXFileReference; lastKnownFileType = sourcecode.swift; path = ScanQRCodeView.swift; sourceTree = "<group>"; };
		4BE895CE2221B74C009C6A44 /* ShowQRView.swift */ = {isa = PBXFileReference; lastKnownFileType = sourcecode.swift; path = ShowQRView.swift; sourceTree = "<group>"; };
		869B4474A24E12496F6DADBB /* Pods-Demo-App.debug.xcconfig */ = {isa = PBXFileReference; includeInIndex = 1; lastKnownFileType = text.xcconfig; name = "Pods-Demo-App.debug.xcconfig"; path = "Target Support Files/Pods-Demo-App/Pods-Demo-App.debug.xcconfig"; sourceTree = "<group>"; };
		942189716441E093BEA6715C /* Pods_Demo_App.framework */ = {isa = PBXFileReference; explicitFileType = wrapper.framework; includeInIndex = 0; path = Pods_Demo_App.framework; sourceTree = BUILT_PRODUCTS_DIR; };
		FB63963E6BCB21D9A0F370DF /* Pods_Demo_AppUITests.framework */ = {isa = PBXFileReference; explicitFileType = wrapper.framework; includeInIndex = 0; path = Pods_Demo_AppUITests.framework; sourceTree = BUILT_PRODUCTS_DIR; };
/* End PBXFileReference section */

/* Begin PBXFrameworksBuildPhase section */
		4BD841082212084900808901 /* Frameworks */ = {
			isa = PBXFrameworksBuildPhase;
			buildActionMask = 2147483647;
			files = (
				00613BEA22224D94006A26D0 /* IQKeyboardManagerSwift.framework in Frameworks */,
				4BE895D322224E4C009C6A44 /* CryptoEthereumSwift.framework in Frameworks */,
				00C2831222224729000ABAB2 /* MaterialComponents.framework in Frameworks */,
				00C2831022224722000ABAB2 /* FMDB.framework in Frameworks */,
				4BE895D522224E68009C6A44 /* EthereumKit.framework in Frameworks */,
				00C282FE2222458A000ABAB2 /* Alamofire.framework in Frameworks */,
				00C283002222458A000ABAB2 /* BigInt.framework in Frameworks */,
				00C92C42B7DEFE4B26C7FADD /* Pods_Demo_App.framework in Frameworks */,
			);
			runOnlyForDeploymentPostprocessing = 0;
		};
/* End PBXFrameworksBuildPhase section */

/* Begin PBXGroup section */
		0044DE072213050300AD9643 /* Jdenticon */ = {
			isa = PBXGroup;
			children = (
				0044DE0C2213053800AD9643 /* CGContextExtension.swift */,
				0044DE0B2213053800AD9643 /* ColorTheme.swift */,
				0044DE082213053800AD9643 /* IconGenerator.swift */,
				0044DE0F2213053800AD9643 /* JdenticonSwift.h */,
				0044DE0E2213053800AD9643 /* LICENSE */,
				0044DE0A2213053800AD9643 /* README.md */,
				0044DE092213053800AD9643 /* Shapes.swift */,
				0044DE0D2213053800AD9643 /* UIColorExtension.swift */,
			);
			path = Jdenticon;
			sourceTree = "<group>";
		};
		0044DE172213055700AD9643 /* Cells */ = {
			isa = PBXGroup;
			children = (
				0044DE182213057100AD9643 /* UserCell.swift */,
			);
			path = Cells;
			sourceTree = "<group>";
		};
		0044DE1C2213065F00AD9643 /* Layouts */ = {
			isa = PBXGroup;
			children = (
				0044DE1D2213069700AD9643 /* HomeCustomLayout.swift */,
			);
			path = Layouts;
			sourceTree = "<group>";
		};
		0044DE21221313FC00AD9643 /* Models */ = {
			isa = PBXGroup;
			children = (
				0044DE222213141E00AD9643 /* CurrentUser.swift */,
				0044DE282213153000AD9643 /* Users.swift */,
				00E182E922131630007C9B1D /* BaseModel.swift */,
			);
			path = Models;
			sourceTree = "<group>";
		};
		0044DE272213146D00AD9643 /* ViewControllers */ = {
			isa = PBXGroup;
			children = (
				4BE8958022212392009C6A44 /* UserActionsViewController.swift */,
				4BE8957222207B14009C6A44 /* WalletViewController.swift */,
				4BD841422212093200808901 /* HomeViewController.swift */,
				4BD841432212093200808901 /* LoginViewController.swift */,
			);
			path = ViewControllers;
			sourceTree = "<group>";
		};
		0078D61C22248B0400F9AED6 /* subViews */ = {
			isa = PBXGroup;
			children = (
				0078D61F222494CB00F9AED6 /* QRInfoLabel.swift */,
			);
			path = subViews;
			sourceTree = "<group>";
		};
		00891B3F2216D3DF007D3226 /* OstSdkInteract */ = {
			isa = PBXGroup;
			children = (
				00891B402216D3FA007D3226 /* OstSdkInteract.swift */,
			);
			path = OstSdkInteract;
			sourceTree = "<group>";
		};
		4BD841022212084900808901 = {
			isa = PBXGroup;
			children = (
				4BD8410D2212084900808901 /* Demo-App */,
				4BD8410C2212084900808901 /* Products */,
				D69E260234DB9F4C7666D4B2 /* Frameworks */,
				FDE40A2D2AAD32BE13C2CE1C /* Pods */,
			);
			sourceTree = "<group>";
		};
		4BD8410C2212084900808901 /* Products */ = {
			isa = PBXGroup;
			children = (
				4BD8410B2212084900808901 /* Demo-App.app */,
			);
			name = Products;
			sourceTree = "<group>";
		};
		4BD8410D2212084900808901 /* Demo-App */ = {
			isa = PBXGroup;
			children = (
				4BE8957422207B2C009C6A44 /* Views */,
				00891B3F2216D3DF007D3226 /* OstSdkInteract */,
				0044DE272213146D00AD9643 /* ViewControllers */,
				0044DE21221313FC00AD9643 /* Models */,
				0044DE1F22130B0300AD9643 /* Main.storyboard */,
				0044DE1C2213065F00AD9643 /* Layouts */,
				0044DE1A2213062800AD9643 /* ApplicationScheme.swift */,
				0044DE172213055700AD9643 /* Cells */,
				0044DE072213050300AD9643 /* Jdenticon */,
				4BD8414C2212093D00808901 /* Assets.xcassets */,
				4BD8414D2212093E00808901 /* Base.lproj */,
				4BD841412212093200808901 /* AppDelegate.swift */,
				4BD841402212093200808901 /* ViewController.swift */,
				4BD8411A2212084A00808901 /* Info.plist */,
			);
			path = "Demo-App";
			sourceTree = "<group>";
		};
		4BD8414D2212093E00808901 /* Base.lproj */ = {
			isa = PBXGroup;
			children = (
				4BD8414E2212093E00808901 /* LaunchScreen.storyboard */,
			);
			path = Base.lproj;
			sourceTree = "<group>";
		};
		4BE8957422207B2C009C6A44 /* Views */ = {
			isa = PBXGroup;
			children = (
				4BE8957522207B2C009C6A44 /* Wallet */,
			);
			path = Views;
			sourceTree = "<group>";
		};
		4BE8957522207B2C009C6A44 /* Wallet */ = {
			isa = PBXGroup;
			children = (
				0078D61C22248B0400F9AED6 /* subViews */,
				0078D6212224DFD100F9AED6 /* AddDeviceWithMnemonics.swift */,
				4BE8957E22212368009C6A44 /* PaperWalletView.swift */,
				4BE8957622207B2C009C6A44 /* BaseWalletWorkflowView.swift */,
				4BE8957722207B2C009C6A44 /* SetupWalletView.swift */,
				4BE8957822207B2C009C6A44 /* BaseWalletView.swift */,
				4BE89585222151DD009C6A44 /* AddSessionView.swift */,
				4BE8958722216FCD009C6A44 /* ScanQRCodeView.swift */,
				4BE895CE2221B74C009C6A44 /* ShowQRView.swift */,
				4B12140C2225D2F100C185D2 /* UserDetailsView.swift */,
				4B121467223171CC00C185D2 /* ResetPinView.swift */,
				4B12146922325ED600C185D2 /* RecoverDeviceView.swift */,
			);
			path = Wallet;
			sourceTree = "<group>";
		};
		D69E260234DB9F4C7666D4B2 /* Frameworks */ = {
			isa = PBXGroup;
			children = (
				00613BE922224D94006A26D0 /* IQKeyboardManagerSwift.framework */,
				00C2831122224729000ABAB2 /* MaterialComponents.framework */,
				00C2830F22224722000ABAB2 /* FMDB.framework */,
				00C283072222460A000ABAB2 /* FMDB.framework */,
				00C28305222245D3000ABAB2 /* OstSdk.framework */,
				00C282FD2222458A000ABAB2 /* Alamofire.framework */,
				00C282FF2222458A000ABAB2 /* BigInt.framework */,
				00C283012222458A000ABAB2 /* FMDB.framework */,
				00C283032222458A000ABAB2 /* SipHash.framework */,
				0064C84922223B8F0052B71E /* OstSdk.framework */,
				0064C84722223B8B0052B71E /* EthereumKit.framework */,
				0064C84522223B870052B71E /* CryptoEthereumSwift.framework */,
				942189716441E093BEA6715C /* Pods_Demo_App.framework */,
				24E473D39006A59197DC9629 /* Pods_Demo_AppTests.framework */,
				FB63963E6BCB21D9A0F370DF /* Pods_Demo_AppUITests.framework */,
			);
			name = Frameworks;
			sourceTree = "<group>";
		};
		FDE40A2D2AAD32BE13C2CE1C /* Pods */ = {
			isa = PBXGroup;
			children = (
				869B4474A24E12496F6DADBB /* Pods-Demo-App.debug.xcconfig */,
				2CA56AE766BB9A8B0240AA21 /* Pods-Demo-App.release.xcconfig */,
			);
			name = Pods;
			path = ../Pods;
			sourceTree = "<group>";
		};
/* End PBXGroup section */

/* Begin PBXNativeTarget section */
		4BD8410A2212084900808901 /* Demo-App */ = {
			isa = PBXNativeTarget;
			buildConfigurationList = 4BD841332212084A00808901 /* Build configuration list for PBXNativeTarget "Demo-App" */;
			buildPhases = (
				006E7BD10174EA929E9983F8 /* [CP] Check Pods Manifest.lock */,
				4BD841072212084900808901 /* Sources */,
				4BD841082212084900808901 /* Frameworks */,
				4BD841092212084900808901 /* Resources */,
				05E6D3B1889F249CC1607862 /* [CP] Embed Pods Frameworks */,
				4BE895D222224E14009C6A44 /* Embed Frameworks */,
			);
			buildRules = (
			);
			dependencies = (
			);
			name = "Demo-App";
			productName = "Demo-App";
			productReference = 4BD8410B2212084900808901 /* Demo-App.app */;
			productType = "com.apple.product-type.application";
		};
/* End PBXNativeTarget section */

/* Begin PBXProject section */
		4BD841032212084900808901 /* Project object */ = {
			isa = PBXProject;
			attributes = {
				LastSwiftUpdateCheck = 1010;
				LastUpgradeCheck = 1010;
				ORGANIZATIONNAME = "aniket ayachit";
				TargetAttributes = {
					4BD8410A2212084900808901 = {
						CreatedOnToolsVersion = 10.1;
						LastSwiftMigration = 1010;
					};
				};
			};
			buildConfigurationList = 4BD841062212084900808901 /* Build configuration list for PBXProject "Demo-App" */;
			compatibilityVersion = "Xcode 9.3";
			developmentRegion = en;
			hasScannedForEncodings = 0;
			knownRegions = (
				en,
				Base,
			);
			mainGroup = 4BD841022212084900808901;
			productRefGroup = 4BD8410C2212084900808901 /* Products */;
			projectDirPath = "";
			projectRoot = "";
			targets = (
				4BD8410A2212084900808901 /* Demo-App */,
			);
		};
/* End PBXProject section */

/* Begin PBXResourcesBuildPhase section */
		4BD841092212084900808901 /* Resources */ = {
			isa = PBXResourcesBuildPhase;
			buildActionMask = 2147483647;
			files = (
				4BD841512212093E00808901 /* LaunchScreen.storyboard in Resources */,
				0044DE2022130B0300AD9643 /* Main.storyboard in Resources */,
				4BD841502212093E00808901 /* Assets.xcassets in Resources */,
			);
			runOnlyForDeploymentPostprocessing = 0;
		};
/* End PBXResourcesBuildPhase section */

/* Begin PBXShellScriptBuildPhase section */
		006E7BD10174EA929E9983F8 /* [CP] Check Pods Manifest.lock */ = {
			isa = PBXShellScriptBuildPhase;
			buildActionMask = 2147483647;
			files = (
			);
			inputFileListPaths = (
			);
			inputPaths = (
				"${PODS_PODFILE_DIR_PATH}/Podfile.lock",
				"${PODS_ROOT}/Manifest.lock",
			);
			name = "[CP] Check Pods Manifest.lock";
			outputFileListPaths = (
			);
			outputPaths = (
				"$(DERIVED_FILE_DIR)/Pods-Demo-App-checkManifestLockResult.txt",
			);
			runOnlyForDeploymentPostprocessing = 0;
			shellPath = /bin/sh;
			shellScript = "diff \"${PODS_PODFILE_DIR_PATH}/Podfile.lock\" \"${PODS_ROOT}/Manifest.lock\" > /dev/null\nif [ $? != 0 ] ; then\n    # print error to STDERR\n    echo \"error: The sandbox is not in sync with the Podfile.lock. Run 'pod install' or update your CocoaPods installation.\" >&2\n    exit 1\nfi\n# This output is used by Xcode 'outputs' to avoid re-running this script phase.\necho \"SUCCESS\" > \"${SCRIPT_OUTPUT_FILE_0}\"\n";
			showEnvVarsInLog = 0;
		};
		05E6D3B1889F249CC1607862 /* [CP] Embed Pods Frameworks */ = {
			isa = PBXShellScriptBuildPhase;
			buildActionMask = 2147483647;
			files = (
			);
			inputFileListPaths = (
			);
			inputPaths = (
				"${PODS_ROOT}/Target Support Files/Pods-Demo-App/Pods-Demo-App-frameworks.sh",
				"${BUILT_PRODUCTS_DIR}/CryptoSwift/CryptoSwift.framework",
				"${BUILT_PRODUCTS_DIR}/Alamofire/Alamofire.framework",
				"${BUILT_PRODUCTS_DIR}/BigInt/BigInt.framework",
				"${BUILT_PRODUCTS_DIR}/FMDB/FMDB.framework",
				"${BUILT_PRODUCTS_DIR}/SipHash/SipHash.framework",
				"${BUILT_PRODUCTS_DIR}/IQKeyboardManagerSwift/IQKeyboardManagerSwift.framework",
				"${BUILT_PRODUCTS_DIR}/MDFInternationalization/MDFInternationalization.framework",
				"${BUILT_PRODUCTS_DIR}/MDFTextAccessibility/MDFTextAccessibility.framework",
				"${BUILT_PRODUCTS_DIR}/MaterialComponents/MaterialComponents.framework",
				"${BUILT_PRODUCTS_DIR}/MotionAnimator/MotionAnimator.framework",
				"${BUILT_PRODUCTS_DIR}/MotionInterchange/MotionInterchange.framework",
				"${BUILT_PRODUCTS_DIR}/MotionTransitioning/MotionTransitioning.framework",
			);
			name = "[CP] Embed Pods Frameworks";
			outputFileListPaths = (
			);
			outputPaths = (
				"${TARGET_BUILD_DIR}/${FRAMEWORKS_FOLDER_PATH}/CryptoSwift.framework",
				"${TARGET_BUILD_DIR}/${FRAMEWORKS_FOLDER_PATH}/Alamofire.framework",
				"${TARGET_BUILD_DIR}/${FRAMEWORKS_FOLDER_PATH}/BigInt.framework",
				"${TARGET_BUILD_DIR}/${FRAMEWORKS_FOLDER_PATH}/FMDB.framework",
				"${TARGET_BUILD_DIR}/${FRAMEWORKS_FOLDER_PATH}/SipHash.framework",
				"${TARGET_BUILD_DIR}/${FRAMEWORKS_FOLDER_PATH}/IQKeyboardManagerSwift.framework",
				"${TARGET_BUILD_DIR}/${FRAMEWORKS_FOLDER_PATH}/MDFInternationalization.framework",
				"${TARGET_BUILD_DIR}/${FRAMEWORKS_FOLDER_PATH}/MDFTextAccessibility.framework",
				"${TARGET_BUILD_DIR}/${FRAMEWORKS_FOLDER_PATH}/MaterialComponents.framework",
				"${TARGET_BUILD_DIR}/${FRAMEWORKS_FOLDER_PATH}/MotionAnimator.framework",
				"${TARGET_BUILD_DIR}/${FRAMEWORKS_FOLDER_PATH}/MotionInterchange.framework",
				"${TARGET_BUILD_DIR}/${FRAMEWORKS_FOLDER_PATH}/MotionTransitioning.framework",
			);
			runOnlyForDeploymentPostprocessing = 0;
			shellPath = /bin/sh;
			shellScript = "\"${PODS_ROOT}/Target Support Files/Pods-Demo-App/Pods-Demo-App-frameworks.sh\"\n";
			showEnvVarsInLog = 0;
		};
/* End PBXShellScriptBuildPhase section */

/* Begin PBXSourcesBuildPhase section */
		4BD841072212084900808901 /* Sources */ = {
			isa = PBXSourcesBuildPhase;
			buildActionMask = 2147483647;
			files = (
				4B12140D2225D2F100C185D2 /* UserDetailsView.swift in Sources */,
				4BE8957F22212368009C6A44 /* PaperWalletView.swift in Sources */,
				4B12146A22325ED600C185D2 /* RecoverDeviceView.swift in Sources */,
				0044DE1E2213069700AD9643 /* HomeCustomLayout.swift in Sources */,
				0078D620222494CB00F9AED6 /* QRInfoLabel.swift in Sources */,
				0044DE132213053800AD9643 /* ColorTheme.swift in Sources */,
				4BD841492212093200808901 /* LoginViewController.swift in Sources */,
				4B121468223171CC00C185D2 /* ResetPinView.swift in Sources */,
				4BD841472212093200808901 /* AppDelegate.swift in Sources */,
				00891B412216D3FA007D3226 /* OstSdkInteract.swift in Sources */,
				4BE89586222151DD009C6A44 /* AddSessionView.swift in Sources */,
				0044DE112213053800AD9643 /* Shapes.swift in Sources */,
				4BD841462212093200808901 /* ViewController.swift in Sources */,
				0044DE292213153000AD9643 /* Users.swift in Sources */,
				0078D6222224DFD100F9AED6 /* AddDeviceWithMnemonics.swift in Sources */,
				4BD841482212093200808901 /* HomeViewController.swift in Sources */,
				4BE8957A22207B2D009C6A44 /* SetupWalletView.swift in Sources */,
				4BE8957B22207B2D009C6A44 /* BaseWalletView.swift in Sources */,
				4BE8957922207B2D009C6A44 /* BaseWalletWorkflowView.swift in Sources */,
				4BE8958122212393009C6A44 /* UserActionsViewController.swift in Sources */,
				0044DE1B2213062800AD9643 /* ApplicationScheme.swift in Sources */,
				00E182EA22131630007C9B1D /* BaseModel.swift in Sources */,
				0044DE102213053800AD9643 /* IconGenerator.swift in Sources */,
				0044DE152213053800AD9643 /* UIColorExtension.swift in Sources */,
				4BE8957322207B16009C6A44 /* WalletViewController.swift in Sources */,
				4BE895CF2221B74C009C6A44 /* ShowQRView.swift in Sources */,
				0044DE192213057100AD9643 /* UserCell.swift in Sources */,
				0044DE142213053800AD9643 /* CGContextExtension.swift in Sources */,
				0044DE232213141E00AD9643 /* CurrentUser.swift in Sources */,
				4BE8958822216FCD009C6A44 /* ScanQRCodeView.swift in Sources */,
			);
			runOnlyForDeploymentPostprocessing = 0;
		};
/* End PBXSourcesBuildPhase section */

/* Begin PBXVariantGroup section */
		4BD8414E2212093E00808901 /* LaunchScreen.storyboard */ = {
			isa = PBXVariantGroup;
			children = (
				4BD8414F2212093E00808901 /* Base */,
			);
			name = LaunchScreen.storyboard;
			sourceTree = "<group>";
		};
/* End PBXVariantGroup section */

/* Begin XCBuildConfiguration section */
		4BD841312212084A00808901 /* Debug */ = {
			isa = XCBuildConfiguration;
			buildSettings = {
				ALWAYS_SEARCH_USER_PATHS = NO;
				CLANG_ANALYZER_NONNULL = YES;
				CLANG_ANALYZER_NUMBER_OBJECT_CONVERSION = YES_AGGRESSIVE;
				CLANG_CXX_LANGUAGE_STANDARD = "gnu++14";
				CLANG_CXX_LIBRARY = "libc++";
				CLANG_ENABLE_MODULES = YES;
				CLANG_ENABLE_OBJC_ARC = YES;
				CLANG_ENABLE_OBJC_WEAK = YES;
				CLANG_WARN_BLOCK_CAPTURE_AUTORELEASING = YES;
				CLANG_WARN_BOOL_CONVERSION = YES;
				CLANG_WARN_COMMA = YES;
				CLANG_WARN_CONSTANT_CONVERSION = YES;
				CLANG_WARN_DEPRECATED_OBJC_IMPLEMENTATIONS = YES;
				CLANG_WARN_DIRECT_OBJC_ISA_USAGE = YES_ERROR;
				CLANG_WARN_DOCUMENTATION_COMMENTS = YES;
				CLANG_WARN_EMPTY_BODY = YES;
				CLANG_WARN_ENUM_CONVERSION = YES;
				CLANG_WARN_INFINITE_RECURSION = YES;
				CLANG_WARN_INT_CONVERSION = YES;
				CLANG_WARN_NON_LITERAL_NULL_CONVERSION = YES;
				CLANG_WARN_OBJC_IMPLICIT_RETAIN_SELF = YES;
				CLANG_WARN_OBJC_LITERAL_CONVERSION = YES;
				CLANG_WARN_OBJC_ROOT_CLASS = YES_ERROR;
				CLANG_WARN_RANGE_LOOP_ANALYSIS = YES;
				CLANG_WARN_STRICT_PROTOTYPES = YES;
				CLANG_WARN_SUSPICIOUS_MOVE = YES;
				CLANG_WARN_UNGUARDED_AVAILABILITY = YES_AGGRESSIVE;
				CLANG_WARN_UNREACHABLE_CODE = YES;
				CLANG_WARN__DUPLICATE_METHOD_MATCH = YES;
				CODE_SIGN_IDENTITY = "iPhone Developer";
				COPY_PHASE_STRIP = NO;
				DEBUG_INFORMATION_FORMAT = dwarf;
				ENABLE_STRICT_OBJC_MSGSEND = YES;
				ENABLE_TESTABILITY = YES;
				GCC_C_LANGUAGE_STANDARD = gnu11;
				GCC_DYNAMIC_NO_PIC = NO;
				GCC_NO_COMMON_BLOCKS = YES;
				GCC_OPTIMIZATION_LEVEL = 0;
				GCC_PREPROCESSOR_DEFINITIONS = (
					"DEBUG=1",
					"$(inherited)",
				);
				GCC_WARN_64_TO_32_BIT_CONVERSION = YES;
				GCC_WARN_ABOUT_RETURN_TYPE = YES_ERROR;
				GCC_WARN_UNDECLARED_SELECTOR = YES;
				GCC_WARN_UNINITIALIZED_AUTOS = YES_AGGRESSIVE;
				GCC_WARN_UNUSED_FUNCTION = YES;
				GCC_WARN_UNUSED_VARIABLE = YES;
				IPHONEOS_DEPLOYMENT_TARGET = 12.1;
				MTL_ENABLE_DEBUG_INFO = INCLUDE_SOURCE;
				MTL_FAST_MATH = YES;
				ONLY_ACTIVE_ARCH = YES;
				SDKROOT = iphoneos;
				SWIFT_ACTIVE_COMPILATION_CONDITIONS = DEBUG;
				SWIFT_OPTIMIZATION_LEVEL = "-Onone";
			};
			name = Debug;
		};
		4BD841322212084A00808901 /* Release */ = {
			isa = XCBuildConfiguration;
			buildSettings = {
				ALWAYS_SEARCH_USER_PATHS = NO;
				CLANG_ANALYZER_NONNULL = YES;
				CLANG_ANALYZER_NUMBER_OBJECT_CONVERSION = YES_AGGRESSIVE;
				CLANG_CXX_LANGUAGE_STANDARD = "gnu++14";
				CLANG_CXX_LIBRARY = "libc++";
				CLANG_ENABLE_MODULES = YES;
				CLANG_ENABLE_OBJC_ARC = YES;
				CLANG_ENABLE_OBJC_WEAK = YES;
				CLANG_WARN_BLOCK_CAPTURE_AUTORELEASING = YES;
				CLANG_WARN_BOOL_CONVERSION = YES;
				CLANG_WARN_COMMA = YES;
				CLANG_WARN_CONSTANT_CONVERSION = YES;
				CLANG_WARN_DEPRECATED_OBJC_IMPLEMENTATIONS = YES;
				CLANG_WARN_DIRECT_OBJC_ISA_USAGE = YES_ERROR;
				CLANG_WARN_DOCUMENTATION_COMMENTS = YES;
				CLANG_WARN_EMPTY_BODY = YES;
				CLANG_WARN_ENUM_CONVERSION = YES;
				CLANG_WARN_INFINITE_RECURSION = YES;
				CLANG_WARN_INT_CONVERSION = YES;
				CLANG_WARN_NON_LITERAL_NULL_CONVERSION = YES;
				CLANG_WARN_OBJC_IMPLICIT_RETAIN_SELF = YES;
				CLANG_WARN_OBJC_LITERAL_CONVERSION = YES;
				CLANG_WARN_OBJC_ROOT_CLASS = YES_ERROR;
				CLANG_WARN_RANGE_LOOP_ANALYSIS = YES;
				CLANG_WARN_STRICT_PROTOTYPES = YES;
				CLANG_WARN_SUSPICIOUS_MOVE = YES;
				CLANG_WARN_UNGUARDED_AVAILABILITY = YES_AGGRESSIVE;
				CLANG_WARN_UNREACHABLE_CODE = YES;
				CLANG_WARN__DUPLICATE_METHOD_MATCH = YES;
				CODE_SIGN_IDENTITY = "iPhone Developer";
				COPY_PHASE_STRIP = NO;
				DEBUG_INFORMATION_FORMAT = "dwarf-with-dsym";
				ENABLE_NS_ASSERTIONS = NO;
				ENABLE_STRICT_OBJC_MSGSEND = YES;
				GCC_C_LANGUAGE_STANDARD = gnu11;
				GCC_NO_COMMON_BLOCKS = YES;
				GCC_WARN_64_TO_32_BIT_CONVERSION = YES;
				GCC_WARN_ABOUT_RETURN_TYPE = YES_ERROR;
				GCC_WARN_UNDECLARED_SELECTOR = YES;
				GCC_WARN_UNINITIALIZED_AUTOS = YES_AGGRESSIVE;
				GCC_WARN_UNUSED_FUNCTION = YES;
				GCC_WARN_UNUSED_VARIABLE = YES;
				IPHONEOS_DEPLOYMENT_TARGET = 12.1;
				MTL_ENABLE_DEBUG_INFO = NO;
				MTL_FAST_MATH = YES;
				SDKROOT = iphoneos;
				SWIFT_COMPILATION_MODE = wholemodule;
				SWIFT_OPTIMIZATION_LEVEL = "-O";
				VALIDATE_PRODUCT = YES;
			};
			name = Release;
		};
		4BD841342212084A00808901 /* Debug */ = {
			isa = XCBuildConfiguration;
			baseConfigurationReference = 869B4474A24E12496F6DADBB /* Pods-Demo-App.debug.xcconfig */;
			buildSettings = {
				ASSETCATALOG_COMPILER_APPICON_NAME = AppIcon;
				CLANG_ENABLE_MODULES = YES;
				CODE_SIGN_STYLE = Automatic;
				DEVELOPMENT_TEAM = N83K86W6P4;
				INFOPLIST_FILE = "Demo-App/Info.plist";
				IPHONEOS_DEPLOYMENT_TARGET = 11.0;
				LD_RUNPATH_SEARCH_PATHS = (
					"$(inherited)",
					"@executable_path/Frameworks",
				);
				PRODUCT_BUNDLE_IDENTIFIER = "com.pepo.Demo-App";
				PRODUCT_NAME = "$(TARGET_NAME)";
				SWIFT_OPTIMIZATION_LEVEL = "-Onone";
				SWIFT_VERSION = 4.2;
				TARGETED_DEVICE_FAMILY = "1,2";
			};
			name = Debug;
		};
		4BD841352212084A00808901 /* Release */ = {
			isa = XCBuildConfiguration;
			baseConfigurationReference = 2CA56AE766BB9A8B0240AA21 /* Pods-Demo-App.release.xcconfig */;
			buildSettings = {
				ASSETCATALOG_COMPILER_APPICON_NAME = AppIcon;
				CLANG_ENABLE_MODULES = YES;
				CODE_SIGN_STYLE = Automatic;
				DEVELOPMENT_TEAM = N83K86W6P4;
				INFOPLIST_FILE = "Demo-App/Info.plist";
				IPHONEOS_DEPLOYMENT_TARGET = 11.0;
				LD_RUNPATH_SEARCH_PATHS = (
					"$(inherited)",
					"@executable_path/Frameworks",
				);
				PRODUCT_BUNDLE_IDENTIFIER = "com.pepo.Demo-App";
				PRODUCT_NAME = "$(TARGET_NAME)";
				SWIFT_VERSION = 4.2;
				TARGETED_DEVICE_FAMILY = "1,2";
			};
			name = Release;
		};
/* End XCBuildConfiguration section */

/* Begin XCConfigurationList section */
		4BD841062212084900808901 /* Build configuration list for PBXProject "Demo-App" */ = {
			isa = XCConfigurationList;
			buildConfigurations = (
				4BD841312212084A00808901 /* Debug */,
				4BD841322212084A00808901 /* Release */,
			);
			defaultConfigurationIsVisible = 0;
			defaultConfigurationName = Release;
		};
		4BD841332212084A00808901 /* Build configuration list for PBXNativeTarget "Demo-App" */ = {
			isa = XCConfigurationList;
			buildConfigurations = (
				4BD841342212084A00808901 /* Debug */,
				4BD841352212084A00808901 /* Release */,
			);
			defaultConfigurationIsVisible = 0;
			defaultConfigurationName = Release;
		};
/* End XCConfigurationList section */
	};
	rootObject = 4BD841032212084900808901 /* Project object */;
}
