PODS:
  - BigInt (3.1.0):
    - SipHash (~> 1.2)
  - CryptoSwift (0.13.0)
  - FMDB (2.7.5):
    - FMDB/standard (= 2.7.5)
  - FMDB/standard (2.7.5)
  - SipHash (1.2.2)

DEPENDENCIES:
  - BigInt
  - CryptoSwift
  - FMDB

SPEC REPOS:
  https://github.com/cocoapods/specs.git:
    - BigInt
    - CryptoSwift
    - FMDB
    - SipHash

SPEC CHECKSUMS:
  BigInt: 76b5dfdfa3e2e478d4ffdf161aeede5502e2742f
  CryptoSwift: 16e78bebf567bad1c87b2d58f6547f25b74c31aa
  FMDB: 2ce00b547f966261cd18927a3ddb07cb6f3db82a
  SipHash: fad90a4683e420c52ef28063063dbbce248ea6d4

PODFILE CHECKSUM: bccbf921bebdc551a591fedf2b2a327200c19f61

COCOAPODS: 1.5.3
