PODS:
  - CryptoSwift (0.13.0)
  - FMDB (2.7.5):
    - FMDB/standard (= 2.7.5)
  - FMDB/standard (2.7.5)

DEPENDENCIES:
  - CryptoSwift
  - FMDB

SPEC REPOS:
  https://github.com/cocoapods/specs.git:
    - CryptoSwift
    - FMDB

SPEC CHECKSUMS:
  CryptoSwift: 16e78bebf567bad1c87b2d58f6547f25b74c31aa
  FMDB: 2ce00b547f966261cd18927a3ddb07cb6f3db82a

PODFILE CHECKSUM: 34548950291b625016f2ab12cb3364e73b1fd634

COCOAPODS: 1.5.3
